
Microsoft Visual Studio Solution File, Format Version 12.00
# Visual Studio Version 17
VisualStudioVersion = 17.14.36212.18 d17.14
MinimumVisualStudioVersion = 10.0.40219.1
Project("{FAE04EC0-301F-11D3-BF4B-00C04F79EFBC}") = "ConsoleApp19", "ConsoleApp19\ConsoleApp19.csproj", "{BC0E2D73-B7B8-4B26-9D0A-28A50B7E7136}"
EndProject
Global
	GlobalSection(SolutionConfigurationPlatforms) = preSolution
		Debug|Any CPU = Debug|Any CPU
		Release|Any CPU = Release|Any CPU
	EndGlobalSection
	GlobalSection(ProjectConfigurationPlatforms) = postSolution
		{BC0E2D73-B7B8-4B26-9D0A-28A50B7E7136}.Debug|Any CPU.ActiveCfg = Debug|Any CPU
		{BC0E2D73-B7B8-4B26-9D0A-28A50B7E7136}.Debug|Any CPU.Build.0 = Debug|Any CPU
		{BC0E2D73-B7B8-4B26-9D0A-28A50B7E7136}.Release|Any CPU.ActiveCfg = Release|Any CPU
		{BC0E2D73-B7B8-4B26-9D0A-28A50B7E7136}.Release|Any CPU.Build.0 = Release|Any CPU
	EndGlobalSection
	GlobalSection(SolutionProperties) = preSolution
		HideSolutionNode = FALSE
	EndGlobalSection
	GlobalSection(ExtensibilityGlobals) = postSolution
		SolutionGuid = {4DE70A04-FAB4-4A31-96AF-DAEFECD77390}
	EndGlobalSection
EndGlobal
